# THIS IS AN AUTOGENERATED FILE. DO NOT EDIT THIS FILE DIRECTLY.
# yarn lockfile v1


"@esbuild/win32-x64@0.19.7":
  version "0.19.7"
  resolved "https://registry.npmjs.org/@esbuild/win32-x64/-/win32-x64-0.19.7.tgz"
  integrity sha512-gRaP2sk6hc98N734luX4VpF318l3w+ofrtTu9j5L8EQXF+FzQKV6alCOHMVoJJHvVK/mGbwBXfOL1HETQu9IGQ==

"@rollup/rollup-win32-x64-msvc@4.5.1":
  version "4.5.1"
  resolved "https://registry.npmjs.org/@rollup/rollup-win32-x64-msvc/-/rollup-win32-x64-msvc-4.5.1.tgz"
  integrity sha512-5I3Nz4Sb9TYOtkRwlH0ow+BhMH2vnh38tZ4J4mggE48M/YyJyp/0sPSxhw1UeS1+oBgQ8q7maFtSeKpeRJu41Q==

bezier-easing@^2.1.0:
  version "2.1.0"
  resolved "https://registry.npmjs.org/bezier-easing/-/bezier-easing-2.1.0.tgz"
  integrity sha512-gbIqZ/eslnUFC1tjEvtz0sgx+xTK20wDnYMIA27VA04R7w6xxXQPZDbibjA9DTWZRA2CXtwHykkVzlCaAJAZig==

bindall-standalone@^1.0.5:
  version "1.0.5"
  resolved "https://registry.npmjs.org/bindall-standalone/-/bindall-standalone-1.0.5.tgz"
  integrity sha512-HDI7YBWXVJk/eoGz+e4lYQQJnYp1ZHcUvAY71lVptLMhQnDm86vD73AGPw2qIlgYR3P0bjmoAcXiA8qhFejBhA==

esbuild@^0.19.3:
  version "0.19.7"
  resolved "https://registry.npmjs.org/esbuild/-/esbuild-0.19.7.tgz"
  integrity sha512-6brbTZVqxhqgbpqBR5MzErImcpA0SQdoKOkcWK/U30HtQxnokIpG3TX2r0IJqbFUzqLjhU/zC1S5ndgakObVCQ==
  optionalDependencies:
    "@esbuild/android-arm" "0.19.7"
    "@esbuild/android-arm64" "0.19.7"
    "@esbuild/android-x64" "0.19.7"
    "@esbuild/darwin-arm64" "0.19.7"
    "@esbuild/darwin-x64" "0.19.7"
    "@esbuild/freebsd-arm64" "0.19.7"
    "@esbuild/freebsd-x64" "0.19.7"
    "@esbuild/linux-arm" "0.19.7"
    "@esbuild/linux-arm64" "0.19.7"
    "@esbuild/linux-ia32" "0.19.7"
    "@esbuild/linux-loong64" "0.19.7"
    "@esbuild/linux-mips64el" "0.19.7"
    "@esbuild/linux-ppc64" "0.19.7"
    "@esbuild/linux-riscv64" "0.19.7"
    "@esbuild/linux-s390x" "0.19.7"
    "@esbuild/linux-x64" "0.19.7"
    "@esbuild/netbsd-x64" "0.19.7"
    "@esbuild/openbsd-x64" "0.19.7"
    "@esbuild/sunos-x64" "0.19.7"
    "@esbuild/win32-arm64" "0.19.7"
    "@esbuild/win32-ia32" "0.19.7"
    "@esbuild/win32-x64" "0.19.7"

gsap@^3.11.4:
  version "3.12.2"
  resolved "https://registry.npmjs.org/gsap/-/gsap-3.12.2.tgz"
  integrity sha512-EkYnpG8qHgYBFAwsgsGEqvT1WUidX0tt/ijepx7z8EUJHElykg91RvW1XbkT59T0gZzzszOpjQv7SE41XuIXyQ==

lethargy@^1.0.2:
  version "1.0.9"
  resolved "https://registry.npmjs.org/lethargy/-/lethargy-1.0.9.tgz"
  integrity sha512-nFM8blpCF9rqIL5mRAaTGc78W8oQixVtsD86jbEPvcI13+lDUYJf3R7DZQQL7tCiBpbGpGKMX2gwJFO9hiaOkg==

locomotive-scroll@^4.1.4:
  version "4.1.4"
  resolved "https://registry.npmjs.org/locomotive-scroll/-/locomotive-scroll-4.1.4.tgz"
  integrity sha512-6i98cFF2SKg6wIPpwVPuo2FG8qL3USsdDeew78TEYZyLoqleMWNfkSDpWA6mPym4dOfTIBXc678VmGlkgx3fTA==
  dependencies:
    bezier-easing "^2.1.0"
    smoothscroll-polyfill "^0.4.4"
    virtual-scroll "^1.5.2"

nanoid@^3.3.6:
  version "3.3.7"
  resolved "https://registry.npmjs.org/nanoid/-/nanoid-3.3.7.tgz"
  integrity sha512-eSRppjcPIatRIMC1U6UngP8XFcz8MQWGQdt1MTBQ7NaAmvXDfvNxbvWV3x2y6CdEUciCSsDHDQZbhYaB8QEo2g==

object-assign@^4.0.1:
  version "4.1.1"
  resolved "https://registry.npmjs.org/object-assign/-/object-assign-4.1.1.tgz"
  integrity sha512-rJgTQnkUnH1sFw8yT6VSU3zD3sWmu6sZhIseY8VX+GRu3P6F7Fu+JNDoXfklElbLJSnc3FUQHVe4cU5hj+BcUg==

picocolors@^1.0.0:
  version "1.0.0"
  resolved "https://registry.npmjs.org/picocolors/-/picocolors-1.0.0.tgz"
  integrity sha512-1fygroTLlHu66zi26VoTDv8yRgm0Fccecssto+MhsZ0D/DGW2sm8E8AjW7NU5VVTRt5GxbeZ5qBuJr+HyLYkjQ==

postcss@^8.4.31:
  version "8.4.31"
  resolved "https://registry.npmjs.org/postcss/-/postcss-8.4.31.tgz"
  integrity sha512-PS08Iboia9mts/2ygV3eLpY5ghnUcfLV/EXTOW1E2qYxJKGGBUtNjN76FYHnMs36RmARn41bC0AZmn+rR0OVpQ==
  dependencies:
    nanoid "^3.3.6"
    picocolors "^1.0.0"
    source-map-js "^1.0.2"

rollup@^4.2.0:
  version "4.5.1"
  resolved "https://registry.npmjs.org/rollup/-/rollup-4.5.1.tgz"
  integrity sha512-0EQribZoPKpb5z1NW/QYm3XSR//Xr8BeEXU49Lc/mQmpmVVG5jPUVrpc2iptup/0WMrY9mzas0fxH+TjYvG2CA==
  optionalDependencies:
    "@rollup/rollup-android-arm-eabi" "4.5.1"
    "@rollup/rollup-android-arm64" "4.5.1"
    "@rollup/rollup-darwin-arm64" "4.5.1"
    "@rollup/rollup-darwin-x64" "4.5.1"
    "@rollup/rollup-linux-arm-gnueabihf" "4.5.1"
    "@rollup/rollup-linux-arm64-gnu" "4.5.1"
    "@rollup/rollup-linux-arm64-musl" "4.5.1"
    "@rollup/rollup-linux-x64-gnu" "4.5.1"
    "@rollup/rollup-linux-x64-musl" "4.5.1"
    "@rollup/rollup-win32-arm64-msvc" "4.5.1"
    "@rollup/rollup-win32-ia32-msvc" "4.5.1"
    "@rollup/rollup-win32-x64-msvc" "4.5.1"
    fsevents "~2.3.2"

smoothscroll-polyfill@^0.4.4:
  version "0.4.4"
  resolved "https://registry.npmjs.org/smoothscroll-polyfill/-/smoothscroll-polyfill-0.4.4.tgz"
  integrity sha512-TK5ZA9U5RqCwMpfoMq/l1mrH0JAR7y7KRvOBx0n2869aLxch+gT9GhN3yUfjiw+d/DiF1mKo14+hd62JyMmoBg==

source-map-js@^1.0.2:
  version "1.0.2"
  resolved "https://registry.npmjs.org/source-map-js/-/source-map-js-1.0.2.tgz"
  integrity sha512-R0XvVJ9WusLiqTCEiGCmICCMplcCkIwwR11mOSD9CR5u+IXYdiseeEuXCVAjS54zqwkLcPNnmU4OeJ6tUrWhDw==

tiny-emitter@^1.0.0:
  version "1.2.0"
  resolved "https://registry.npmjs.org/tiny-emitter/-/tiny-emitter-1.2.0.tgz"
  integrity sha512-rWjF00inHeWtT5UbQYAXoMI4hL6TRMqohuKCsODyPYYmfAxqfMnXLsIeNrbdPEkNxlk++rojVilTnI9IVmEBtA==

virtual-scroll@^1.5.2:
  version "1.5.2"
  resolved "https://registry.npmjs.org/virtual-scroll/-/virtual-scroll-1.5.2.tgz"
  integrity sha512-7jDHwlKbHUho7CYU/HojE/VKFH8GV9P5fVWP2HCa7dRUOpVvwl93OBOKIIcb2mKd+vqsbVR/0zl0X70+3sUZqA==
  dependencies:
    bindall-standalone "^1.0.5"
    lethargy "^1.0.2"
    object-assign "^4.0.1"
    tiny-emitter "^1.0.0"

vite@^5.0.0:
  version "5.0.2"
  resolved "https://registry.npmjs.org/vite/-/vite-5.0.2.tgz"
  integrity sha512-6CCq1CAJCNM1ya2ZZA7+jS2KgnhbzvxakmlIjN24cF/PXhRMzpM/z8QgsVJA/Dm5fWUWnVEsmtBoMhmerPxT0g==
  dependencies:
    esbuild "^0.19.3"
    postcss "^8.4.31"
    rollup "^4.2.0"
  optionalDependencies:
    fsevents "~2.3.3"
